
Microsoft Visual Studio Solution File, Format Version 12.00
# Visual Studio 15
VisualStudioVersion = 15.0.27428.2027
MinimumVisualStudioVersion = 10.0.40219.1
Project("{FAE04EC0-301F-11D3-BF4B-00C04F79EFBC}") = "ImageSorter", "ImageSorter\ImageSorter.csproj", "{99C094D7-11CB-45AF-AEF8-B697ED78E8D3}"
EndProject
Project("{54435603-DBB4-11D2-8724-00A0C9A8B90C}") = "ImageSorter Beta", "ImageSorter Beta\ImageSorter Beta.vdproj", "{AFE5755C-78DD-438C-B281-F6BF7C986E5B}"
EndProject
Global
	GlobalSection(SolutionConfigurationPlatforms) = preSolution
		Debug|Any CPU = Debug|Any CPU
		Debug|Default = Debug|Default
		Release|Any CPU = Release|Any CPU
		Release|Default = Release|Default
	EndGlobalSection
	GlobalSection(ProjectConfigurationPlatforms) = postSolution
		{99C094D7-11CB-45AF-AEF8-B697ED78E8D3}.Debug|Any CPU.ActiveCfg = Debug|Any CPU
		{99C094D7-11CB-45AF-AEF8-B697ED78E8D3}.Debug|Any CPU.Build.0 = Debug|Any CPU
		{99C094D7-11CB-45AF-AEF8-B697ED78E8D3}.Debug|Default.ActiveCfg = Debug|Any CPU
		{99C094D7-11CB-45AF-AEF8-B697ED78E8D3}.Debug|Default.Build.0 = Debug|Any CPU
		{99C094D7-11CB-45AF-AEF8-B697ED78E8D3}.Release|Any CPU.ActiveCfg = Release|Any CPU
		{99C094D7-11CB-45AF-AEF8-B697ED78E8D3}.Release|Any CPU.Build.0 = Release|Any CPU
		{99C094D7-11CB-45AF-AEF8-B697ED78E8D3}.Release|Default.ActiveCfg = Release|Any CPU
		{99C094D7-11CB-45AF-AEF8-B697ED78E8D3}.Release|Default.Build.0 = Release|Any CPU
		{AFE5755C-78DD-438C-B281-F6BF7C986E5B}.Debug|Any CPU.ActiveCfg = Debug
		{AFE5755C-78DD-438C-B281-F6BF7C986E5B}.Debug|Default.ActiveCfg = Debug
		{AFE5755C-78DD-438C-B281-F6BF7C986E5B}.Debug|Default.Build.0 = Debug
		{AFE5755C-78DD-438C-B281-F6BF7C986E5B}.Release|Any CPU.ActiveCfg = Debug
		{AFE5755C-78DD-438C-B281-F6BF7C986E5B}.Release|Default.ActiveCfg = Debug
	EndGlobalSection
	GlobalSection(SolutionProperties) = preSolution
		HideSolutionNode = FALSE
	EndGlobalSection
	GlobalSection(ExtensibilityGlobals) = postSolution
		SolutionGuid = {E776A9B1-5CDC-4DC5-8B56-588909C10868}
	EndGlobalSection
	GlobalSection(SolutionConfigurationPlatforms) = preSolution
		Debug|Any CPU = Debug|Any CPU
		Debug|Default = Debug|Default
		Release|Any CPU = Release|Any CPU
		Release|Default = Release|Default
	EndGlobalSection
	GlobalSection(SolutionConfigurationPlatforms) = preSolution
		Debug|Any CPU = Debug|Any CPU
		Debug|Default = Debug|Default
		Release|Any CPU = Release|Any CPU
		Release|Default = Release|Default
	EndGlobalSection
EndGlobal
